
Microsoft Visual Studio Solution File, Format Version 12.00
# Visual Studio Version 17
VisualStudioVersion = 17.0.32112.339
MinimumVisualStudioVersion = 10.0.40219.1
Project("{FAE04EC0-301F-11D3-BF4B-00C04F79EFBC}") = "ScheduleWPF", "ScheduleWPF\ScheduleWPF.csproj", "{CA96CD0B-8421-44FB-A6B0-4B491A759ADB}"
EndProject
Global
	GlobalSection(SolutionConfigurationPlatforms) = preSolution
		Debug|Any CPU = Debug|Any CPU
		Release|Any CPU = Release|Any CPU
	EndGlobalSection
	GlobalSection(ProjectConfigurationPlatforms) = postSolution
		{CA96CD0B-8421-44FB-A6B0-4B491A759ADB}.Debug|Any CPU.ActiveCfg = Debug|Any CPU
		{CA96CD0B-8421-44FB-A6B0-4B491A759ADB}.Debug|Any CPU.Build.0 = Debug|Any CPU
		{CA96CD0B-8421-44FB-A6B0-4B491A759ADB}.Release|Any CPU.ActiveCfg = Release|Any CPU
		{CA96CD0B-8421-44FB-A6B0-4B491A759ADB}.Release|Any CPU.Build.0 = Release|Any CPU
	EndGlobalSection
	GlobalSection(SolutionProperties) = preSolution
		HideSolutionNode = FALSE
	EndGlobalSection
	GlobalSection(ExtensibilityGlobals) = postSolution
		SolutionGuid = {B97F7EEC-FE4B-4E6A-AB8E-85C775B9B917}
	EndGlobalSection
EndGlobal
